
Microsoft Visual Studio Solution File, Format Version 12.00
# Visual Studio Version 17
VisualStudioVersion = 17.14.36327.8 d17.14
MinimumVisualStudioVersion = 10.0.40219.1
Project("{8BC9CEB8-8B4A-11D0-8D11-00A0C91BC942}") = "English_Word's", "English_Word's\English_Word's.vcxproj", "{7EDA51B9-C572-4CB5-A4CF-2C95FF64A70A}"
EndProject
Global
	GlobalSection(SolutionConfigurationPlatforms) = preSolution
		Debug|x64 = Debug|x64
		Debug|x86 = Debug|x86
		Release|x64 = Release|x64
		Release|x86 = Release|x86
	EndGlobalSection
	GlobalSection(ProjectConfigurationPlatforms) = postSolution
		{7EDA51B9-C572-4CB5-A4CF-2C95FF64A70A}.Debug|x64.ActiveCfg = Debug|x64
		{7EDA51B9-C572-4CB5-A4CF-2C95FF64A70A}.Debug|x64.Build.0 = Debug|x64
		{7EDA51B9-C572-4CB5-A4CF-2C95FF64A70A}.Debug|x86.ActiveCfg = Debug|Win32
		{7EDA51B9-C572-4CB5-A4CF-2C95FF64A70A}.Debug|x86.Build.0 = Debug|Win32
		{7EDA51B9-C572-4CB5-A4CF-2C95FF64A70A}.Release|x64.ActiveCfg = Release|x64
		{7EDA51B9-C572-4CB5-A4CF-2C95FF64A70A}.Release|x64.Build.0 = Release|x64
		{7EDA51B9-C572-4CB5-A4CF-2C95FF64A70A}.Release|x86.ActiveCfg = Release|Win32
		{7EDA51B9-C572-4CB5-A4CF-2C95FF64A70A}.Release|x86.Build.0 = Release|Win32
	EndGlobalSection
	GlobalSection(SolutionProperties) = preSolution
		HideSolutionNode = FALSE
	EndGlobalSection
	GlobalSection(ExtensibilityGlobals) = postSolution
		SolutionGuid = {5A59624B-672E-481F-A543-63360E4CD1B3}
	EndGlobalSection
EndGlobal
