
Microsoft Visual Studio Solution File, Format Version 12.00
# Visual Studio Version 16
VisualStudioVersion = 16.0.34031.81
MinimumVisualStudioVersion = 10.0.40219.1
Project("{8BC9CEB8-8B4A-11D0-8D11-00A0C91BC942}") = "Pi", "Pi.vcxproj", "{600FBCEA-7481-4D13-9013-299407D3BAA9}"
EndProject
Global
	GlobalSection(SolutionConfigurationPlatforms) = preSolution
		Debug|x64 = Debug|x64
		Debug|x86 = Debug|x86
		Release|x64 = Release|x64
		Release|x86 = Release|x86
	EndGlobalSection
	GlobalSection(ProjectConfigurationPlatforms) = postSolution
		{600FBCEA-7481-4D13-9013-299407D3BAA9}.Debug|x64.ActiveCfg = Debug|x64
		{600FBCEA-7481-4D13-9013-299407D3BAA9}.Debug|x64.Build.0 = Debug|x64
		{600FBCEA-7481-4D13-9013-299407D3BAA9}.Debug|x86.ActiveCfg = Debug|Win32
		{600FBCEA-7481-4D13-9013-299407D3BAA9}.Debug|x86.Build.0 = Debug|Win32
		{600FBCEA-7481-4D13-9013-299407D3BAA9}.Release|x64.ActiveCfg = Release|x64
		{600FBCEA-7481-4D13-9013-299407D3BAA9}.Release|x64.Build.0 = Release|x64
		{600FBCEA-7481-4D13-9013-299407D3BAA9}.Release|x86.ActiveCfg = Release|Win32
		{600FBCEA-7481-4D13-9013-299407D3BAA9}.Release|x86.Build.0 = Release|Win32
	EndGlobalSection
	GlobalSection(SolutionProperties) = preSolution
		HideSolutionNode = FALSE
	EndGlobalSection
	GlobalSection(ExtensibilityGlobals) = postSolution
		SolutionGuid = {9E08AC03-A7CF-41D5-8BBE-50447478E743}
	EndGlobalSection
EndGlobal
